
Microsoft Visual Studio Solution File, Format Version 12.00
# Visual Studio Version 16
VisualStudioVersion = 16.0.29409.12
MinimumVisualStudioVersion = 10.0.40219.1
Project("{930C7802-8A8C-48F9-8165-68863BCCD9DD}") = "Installer", "Installer.wixproj", "{BE2C52BC-6B66-4F8B-8B50-2CBA58A80271}"
EndProject
Project("{930C7802-8A8C-48F9-8165-68863BCCD9DD}") = "HearThis Bootstrap Installer", "Bootstrapper\HearThis Bootstrap Installer.wixproj", "{B284D8EA-592C-4223-9D4F-3E4DF304AD3A}"
EndProject
Global
	GlobalSection(SolutionConfigurationPlatforms) = preSolution
		Debug|x64 = Debug|x64
		Release|x64 = Release|x64
	EndGlobalSection
	GlobalSection(ProjectConfigurationPlatforms) = postSolution
		{BE2C52BC-6B66-4F8B-8B50-2CBA58A80271}.Debug|x64.ActiveCfg = Debug|x64
		{BE2C52BC-6B66-4F8B-8B50-2CBA58A80271}.Debug|x64.Build.0 = Debug|x64
		{BE2C52BC-6B66-4F8B-8B50-2CBA58A80271}.Release|x64.ActiveCfg = Release|x64
		{BE2C52BC-6B66-4F8B-8B50-2CBA58A80271}.Release|x64.Build.0 = Release|x64
		{B284D8EA-592C-4223-9D4F-3E4DF304AD3A}.Debug|x64.ActiveCfg = Debug|x64
		{B284D8EA-592C-4223-9D4F-3E4DF304AD3A}.Debug|x64.Build.0 = Debug|x64
		{B284D8EA-592C-4223-9D4F-3E4DF304AD3A}.Release|x64.ActiveCfg = Release|x64
		{B284D8EA-592C-4223-9D4F-3E4DF304AD3A}.Release|x64.Build.0 = Release|x64
	EndGlobalSection
	GlobalSection(SolutionProperties) = preSolution
		HideSolutionNode = FALSE
	EndGlobalSection
	GlobalSection(ExtensibilityGlobals) = postSolution
		SolutionGuid = {0DC00D44-1D16-40A0-BFC0-10C6CE1A2787}
	EndGlobalSection
EndGlobal
